<?xml version="1.0" encoding="utf-8"?>
<Project ToolsVersion="4.0" xmlns="http://schemas.microsoft.com/developer/msbuild/2003">
  <ItemGroup>
    <Filter Include="main">
      <UniqueIdentifier>{551cc174-14a2-46a4-a9c8-d8030849624b}</UniqueIdentifier>
    </Filter>
    <Filter Include="Engine">
      <UniqueIdentifier>{e8eff03f-3922-4b4d-b0fe-b1349ad9ab39}</UniqueIdentifier>
    </Filter>
    <Filter Include="main\리소스 파일">
      <UniqueIdentifier>{67DA6AB6-F800-4c08-8B7A-83BB121AAD01}</UniqueIdentifier>
      <Extensions>rc;ico;cur;bmp;dlg;rc2;rct;bin;rgs;gif;jpg;jpeg;jpe;resx;tiff;tif;png;wav;mfcribbon-ms</Extensions>
    </Filter>
    <Filter Include="main\리소스 파일\소스 파일">
      <UniqueIdentifier>{4FC737F1-C7A5-4376-A066-2A32D752A2FF}</UniqueIdentifier>
      <Extensions>cpp;c;cc;cxx;c++;cppm;ixx;def;odl;idl;hpj;bat;asm;asmx</Extensions>
    </Filter>
    <Filter Include="main\리소스 파일\헤더 파일">
      <UniqueIdentifier>{93995380-89BD-4b04-88EB-625FBE52EBFB}</UniqueIdentifier>
      <Extensions>h;hh;hpp;hxx;h++;hm;inl;inc;ipp;xsd</Extensions>
    </Filter>
    <Filter Include="Clinet">
      <UniqueIdentifier>{4fe114e3-b379-4fc0-a42c-6d540eadeda2}</UniqueIdentifier>
    </Filter>
    <Filter Include="NewEngine">
      <UniqueIdentifier>{9276a856-16a0-4982-b697-ab72b0bc6e4b}</UniqueIdentifier>
    </Filter>
    <Filter Include="Manager">
      <UniqueIdentifier>{181feb92-8aca-4541-8652-d2fd4ec3c980}</UniqueIdentifier>
    </Filter>
  </ItemGroup>
  <ItemGroup>
    <ClInclude Include="Application.h">
      <Filter>main</Filter>
    </ClInclude>
    <ClInclude Include="framework.h">
      <Filter>main</Filter>
    </ClInclude>
    <ClInclude Include="Resource.h">
      <Filter>main</Filter>
    </ClInclude>
    <ClInclude Include="targetver.h">
      <Filter>main</Filter>
    </ClInclude>
    <ClInclude Include="myNewApplication.h">
      <Filter>NewEngine</Filter>
    </ClInclude>
    <ClInclude Include="NCommon.h">
      <Filter>NewEngine</Filter>
    </ClInclude>
    <ClInclude Include="Maths.h">
      <Filter>NewEngine</Filter>
    </ClInclude>
    <ClInclude Include="NmyEntity.h">
      <Filter>NewEngine</Filter>
    </ClInclude>
    <ClInclude Include="NmyScene.h">
      <Filter>Manager</Filter>
    </ClInclude>
    <ClInclude Include="SceneManager.h">
      <Filter>Manager</Filter>
    </ClInclude>
    <ClInclude Include="Actor.h">
      <Filter>Manager</Filter>
    </ClInclude>
    <ClInclude Include="NmyLogoScene.h">
      <Filter>Manager</Filter>
    </ClInclude>
  </ItemGroup>
  <ItemGroup>
    <ResourceCompile Include="Application.rc">
      <Filter>main\리소스 파일</Filter>
    </ResourceCompile>
  </ItemGroup>
  <ItemGroup>
    <Image Include="small.ico">
      <Filter>main\리소스 파일</Filter>
    </Image>
    <Image Include="Application.ico">
      <Filter>main\리소스 파일</Filter>
    </Image>
  </ItemGroup>
  <ItemGroup>
    <ClCompile Include="main.cpp">
      <Filter>main</Filter>
    </ClCompile>
    <ClCompile Include="myNewApplication.cpp">
      <Filter>NewEngine</Filter>
    </ClCompile>
    <ClCompile Include="NmyEntity.cpp">
      <Filter>NewEngine</Filter>
    </ClCompile>
    <ClCompile Include="NmyScene.cpp">
      <Filter>Manager</Filter>
    </ClCompile>
    <ClCompile Include="SceneManager.cpp">
      <Filter>Manager</Filter>
    </ClCompile>
    <ClCompile Include="Actor.cpp">
      <Filter>Manager</Filter>
    </ClCompile>
    <ClCompile Include="NmyLogoScene.cpp">
      <Filter>Manager</Filter>
    </ClCompile>
  </ItemGroup>
  <ItemGroup>
    <None Include="def.h">
      <Filter>NewEngine</Filter>
    </None>
  </ItemGroup>
</Project>